
Microsoft Visual Studio Solution File, Format Version 12.00
# Visual Studio Version 16
VisualStudioVersion = 16.0.32228.343
MinimumVisualStudioVersion = 10.0.40219.1
Project("{FAE04EC0-301F-11D3-BF4B-00C04F79EFBC}") = "MvcEntityDemo1", "MvcEntityDemo1\MvcEntityDemo1.csproj", "{4ECDCA3E-529A-41A5-B446-83C0A38B6148}"
EndProject
Project("{FAE04EC0-301F-11D3-BF4B-00C04F79EFBC}") = "MvcEntityDemo1.Tests", "MvcEntityDemo1.Tests\MvcEntityDemo1.Tests.csproj", "{BE38A905-1346-4187-ADEE-24D7C5D62917}"
EndProject
Global
	GlobalSection(SolutionConfigurationPlatforms) = preSolution
		Debug|Any CPU = Debug|Any CPU
		Release|Any CPU = Release|Any CPU
	EndGlobalSection
	GlobalSection(ProjectConfigurationPlatforms) = postSolution
		{4ECDCA3E-529A-41A5-B446-83C0A38B6148}.Debug|Any CPU.ActiveCfg = Debug|Any CPU
		{4ECDCA3E-529A-41A5-B446-83C0A38B6148}.Debug|Any CPU.Build.0 = Debug|Any CPU
		{4ECDCA3E-529A-41A5-B446-83C0A38B6148}.Release|Any CPU.ActiveCfg = Release|Any CPU
		{4ECDCA3E-529A-41A5-B446-83C0A38B6148}.Release|Any CPU.Build.0 = Release|Any CPU
		{BE38A905-1346-4187-ADEE-24D7C5D62917}.Debug|Any CPU.ActiveCfg = Debug|Any CPU
		{BE38A905-1346-4187-ADEE-24D7C5D62917}.Debug|Any CPU.Build.0 = Debug|Any CPU
		{BE38A905-1346-4187-ADEE-24D7C5D62917}.Release|Any CPU.ActiveCfg = Release|Any CPU
		{BE38A905-1346-4187-ADEE-24D7C5D62917}.Release|Any CPU.Build.0 = Release|Any CPU
	EndGlobalSection
	GlobalSection(SolutionProperties) = preSolution
		HideSolutionNode = FALSE
	EndGlobalSection
	GlobalSection(ExtensibilityGlobals) = postSolution
		SolutionGuid = {77BE779E-9EF8-4841-8282-0F03349689D1}
	EndGlobalSection
EndGlobal
