
Microsoft Visual Studio Solution File, Format Version 12.00
# Visual Studio Version 16
VisualStudioVersion = 16.0.32228.343
MinimumVisualStudioVersion = 10.0.40219.1
Project("{FAE04EC0-301F-11D3-BF4B-00C04F79EFBC}") = "RoutingExample", "RoutingExample\RoutingExample.csproj", "{D957EC3D-025D-4C08-8BEA-059FA1720799}"
EndProject
Global
	GlobalSection(SolutionConfigurationPlatforms) = preSolution
		Debug|Any CPU = Debug|Any CPU
		Release|Any CPU = Release|Any CPU
	EndGlobalSection
	GlobalSection(ProjectConfigurationPlatforms) = postSolution
		{D957EC3D-025D-4C08-8BEA-059FA1720799}.Debug|Any CPU.ActiveCfg = Debug|Any CPU
		{D957EC3D-025D-4C08-8BEA-059FA1720799}.Debug|Any CPU.Build.0 = Debug|Any CPU
		{D957EC3D-025D-4C08-8BEA-059FA1720799}.Release|Any CPU.ActiveCfg = Release|Any CPU
		{D957EC3D-025D-4C08-8BEA-059FA1720799}.Release|Any CPU.Build.0 = Release|Any CPU
	EndGlobalSection
	GlobalSection(SolutionProperties) = preSolution
		HideSolutionNode = FALSE
	EndGlobalSection
	GlobalSection(ExtensibilityGlobals) = postSolution
		SolutionGuid = {79F70A38-FD02-4EF4-B038-217CB8A9FDED}
	EndGlobalSection
EndGlobal
