
Microsoft Visual Studio Solution File, Format Version 12.00
# Visual Studio Version 16
VisualStudioVersion = 16.0.32228.343
MinimumVisualStudioVersion = 10.0.40219.1
Project("{FAE04EC0-301F-11D3-BF4B-00C04F79EFBC}") = "TestWebAPI", "TestWebAPI\TestWebAPI.csproj", "{113C4301-A203-453E-8AB4-5160B5EB3828}"
EndProject
Global
	GlobalSection(SolutionConfigurationPlatforms) = preSolution
		Debug|Any CPU = Debug|Any CPU
		Release|Any CPU = Release|Any CPU
	EndGlobalSection
	GlobalSection(ProjectConfigurationPlatforms) = postSolution
		{113C4301-A203-453E-8AB4-5160B5EB3828}.Debug|Any CPU.ActiveCfg = Debug|Any CPU
		{113C4301-A203-453E-8AB4-5160B5EB3828}.Debug|Any CPU.Build.0 = Debug|Any CPU
		{113C4301-A203-453E-8AB4-5160B5EB3828}.Release|Any CPU.ActiveCfg = Release|Any CPU
		{113C4301-A203-453E-8AB4-5160B5EB3828}.Release|Any CPU.Build.0 = Release|Any CPU
	EndGlobalSection
	GlobalSection(SolutionProperties) = preSolution
		HideSolutionNode = FALSE
	EndGlobalSection
	GlobalSection(ExtensibilityGlobals) = postSolution
		SolutionGuid = {B3433328-C1EE-46D6-8CA2-B6D5D143C575}
	EndGlobalSection
EndGlobal
