
Microsoft Visual Studio Solution File, Format Version 12.00
# Visual Studio Version 16
VisualStudioVersion = 16.0.32228.343
MinimumVisualStudioVersion = 10.0.40219.1
Project("{FAE04EC0-301F-11D3-BF4B-00C04F79EFBC}") = "WebAPI_Project", "WebAPI_Project\WebAPI_Project.csproj", "{560F5FD2-AB93-476D-8523-7E80708BBFEE}"
EndProject
Global
	GlobalSection(SolutionConfigurationPlatforms) = preSolution
		Debug|Any CPU = Debug|Any CPU
		Release|Any CPU = Release|Any CPU
	EndGlobalSection
	GlobalSection(ProjectConfigurationPlatforms) = postSolution
		{560F5FD2-AB93-476D-8523-7E80708BBFEE}.Debug|Any CPU.ActiveCfg = Debug|Any CPU
		{560F5FD2-AB93-476D-8523-7E80708BBFEE}.Debug|Any CPU.Build.0 = Debug|Any CPU
		{560F5FD2-AB93-476D-8523-7E80708BBFEE}.Release|Any CPU.ActiveCfg = Release|Any CPU
		{560F5FD2-AB93-476D-8523-7E80708BBFEE}.Release|Any CPU.Build.0 = Release|Any CPU
	EndGlobalSection
	GlobalSection(SolutionProperties) = preSolution
		HideSolutionNode = FALSE
	EndGlobalSection
	GlobalSection(ExtensibilityGlobals) = postSolution
		SolutionGuid = {72262629-28A0-4570-B05B-7AB9E1267E9F}
	EndGlobalSection
EndGlobal
