
Microsoft Visual Studio Solution File, Format Version 12.00
# Visual Studio Version 17
VisualStudioVersion = 17.2.32519.379
MinimumVisualStudioVersion = 10.0.40219.1
Project("{FAE04EC0-301F-11D3-BF4B-00C04F79EFBC}") = "CrudADONet", "CrudADONet\CrudADONet.csproj", "{C86B6176-546B-42E2-854D-23DADE00EBD7}"
EndProject
Global
	GlobalSection(SolutionConfigurationPlatforms) = preSolution
		Debug|Any CPU = Debug|Any CPU
		Release|Any CPU = Release|Any CPU
	EndGlobalSection
	GlobalSection(ProjectConfigurationPlatforms) = postSolution
		{C86B6176-546B-42E2-854D-23DADE00EBD7}.Debug|Any CPU.ActiveCfg = Debug|Any CPU
		{C86B6176-546B-42E2-854D-23DADE00EBD7}.Debug|Any CPU.Build.0 = Debug|Any CPU
		{C86B6176-546B-42E2-854D-23DADE00EBD7}.Release|Any CPU.ActiveCfg = Release|Any CPU
		{C86B6176-546B-42E2-854D-23DADE00EBD7}.Release|Any CPU.Build.0 = Release|Any CPU
	EndGlobalSection
	GlobalSection(SolutionProperties) = preSolution
		HideSolutionNode = FALSE
	EndGlobalSection
	GlobalSection(ExtensibilityGlobals) = postSolution
		SolutionGuid = {00D28271-2756-4122-89EA-EF8344F90E23}
	EndGlobalSection
EndGlobal
