
Microsoft Visual Studio Solution File, Format Version 12.00
# Visual Studio Version 16
VisualStudioVersion = 16.0.32228.343
MinimumVisualStudioVersion = 10.0.40219.1
Project("{FAE04EC0-301F-11D3-BF4B-00C04F79EFBC}") = "ToDoList2", "ToDoList2\ToDoList2.csproj", "{21F3D557-67EE-451D-897D-B535FB66F0FD}"
EndProject
Global
	GlobalSection(SolutionConfigurationPlatforms) = preSolution
		Debug|Any CPU = Debug|Any CPU
		Release|Any CPU = Release|Any CPU
	EndGlobalSection
	GlobalSection(ProjectConfigurationPlatforms) = postSolution
		{21F3D557-67EE-451D-897D-B535FB66F0FD}.Debug|Any CPU.ActiveCfg = Debug|Any CPU
		{21F3D557-67EE-451D-897D-B535FB66F0FD}.Debug|Any CPU.Build.0 = Debug|Any CPU
		{21F3D557-67EE-451D-897D-B535FB66F0FD}.Release|Any CPU.ActiveCfg = Release|Any CPU
		{21F3D557-67EE-451D-897D-B535FB66F0FD}.Release|Any CPU.Build.0 = Release|Any CPU
	EndGlobalSection
	GlobalSection(SolutionProperties) = preSolution
		HideSolutionNode = FALSE
	EndGlobalSection
	GlobalSection(ExtensibilityGlobals) = postSolution
		SolutionGuid = {E5477D1A-1F10-4B31-9D48-1A3BDF7E1EA7}
	EndGlobalSection
EndGlobal
