
Microsoft Visual Studio Solution File, Format Version 12.00
# Visual Studio Version 16
VisualStudioVersion = 16.0.32228.343
MinimumVisualStudioVersion = 10.0.40219.1
Project("{FAE04EC0-301F-11D3-BF4B-00C04F79EFBC}") = "DatabaseWithApi", "DatabaseWithApi\DatabaseWithApi.csproj", "{FD3DB725-34E4-4052-9AE5-3F1777D7ECD5}"
EndProject
Global
	GlobalSection(SolutionConfigurationPlatforms) = preSolution
		Debug|Any CPU = Debug|Any CPU
		Release|Any CPU = Release|Any CPU
	EndGlobalSection
	GlobalSection(ProjectConfigurationPlatforms) = postSolution
		{FD3DB725-34E4-4052-9AE5-3F1777D7ECD5}.Debug|Any CPU.ActiveCfg = Debug|Any CPU
		{FD3DB725-34E4-4052-9AE5-3F1777D7ECD5}.Debug|Any CPU.Build.0 = Debug|Any CPU
		{FD3DB725-34E4-4052-9AE5-3F1777D7ECD5}.Release|Any CPU.ActiveCfg = Release|Any CPU
		{FD3DB725-34E4-4052-9AE5-3F1777D7ECD5}.Release|Any CPU.Build.0 = Release|Any CPU
	EndGlobalSection
	GlobalSection(SolutionProperties) = preSolution
		HideSolutionNode = FALSE
	EndGlobalSection
	GlobalSection(ExtensibilityGlobals) = postSolution
		SolutionGuid = {C69FB0E2-94EC-4D7E-BF9C-7F763E004448}
	EndGlobalSection
EndGlobal
