
Microsoft Visual Studio Solution File, Format Version 12.00
# Visual Studio Version 16
VisualStudioVersion = 16.0.32228.343
MinimumVisualStudioVersion = 10.0.40219.1
Project("{FAE04EC0-301F-11D3-BF4B-00C04F79EFBC}") = "EFCodeFirstApproach", "EFCodeFirstApproach\EFCodeFirstApproach.csproj", "{F8360D12-2C35-4129-BA67-8C52A9B0C1EE}"
EndProject
Global
	GlobalSection(SolutionConfigurationPlatforms) = preSolution
		Debug|Any CPU = Debug|Any CPU
		Release|Any CPU = Release|Any CPU
	EndGlobalSection
	GlobalSection(ProjectConfigurationPlatforms) = postSolution
		{F8360D12-2C35-4129-BA67-8C52A9B0C1EE}.Debug|Any CPU.ActiveCfg = Debug|Any CPU
		{F8360D12-2C35-4129-BA67-8C52A9B0C1EE}.Debug|Any CPU.Build.0 = Debug|Any CPU
		{F8360D12-2C35-4129-BA67-8C52A9B0C1EE}.Release|Any CPU.ActiveCfg = Release|Any CPU
		{F8360D12-2C35-4129-BA67-8C52A9B0C1EE}.Release|Any CPU.Build.0 = Release|Any CPU
	EndGlobalSection
	GlobalSection(SolutionProperties) = preSolution
		HideSolutionNode = FALSE
	EndGlobalSection
	GlobalSection(ExtensibilityGlobals) = postSolution
		SolutionGuid = {64B4173B-D2BE-46A2-B16D-AE26B56A1B1D}
	EndGlobalSection
EndGlobal
