
Microsoft Visual Studio Solution File, Format Version 12.00
# Visual Studio Version 16
VisualStudioVersion = 16.0.32228.343
MinimumVisualStudioVersion = 10.0.40219.1
Project("{FAE04EC0-301F-11D3-BF4B-00C04F79EFBC}") = "SampleApi1", "SampleApi1\SampleApi1.csproj", "{97FBBA78-6C0E-4800-8BB0-C82583E3215C}"
EndProject
Global
	GlobalSection(SolutionConfigurationPlatforms) = preSolution
		Debug|Any CPU = Debug|Any CPU
		Release|Any CPU = Release|Any CPU
	EndGlobalSection
	GlobalSection(ProjectConfigurationPlatforms) = postSolution
		{97FBBA78-6C0E-4800-8BB0-C82583E3215C}.Debug|Any CPU.ActiveCfg = Debug|Any CPU
		{97FBBA78-6C0E-4800-8BB0-C82583E3215C}.Debug|Any CPU.Build.0 = Debug|Any CPU
		{97FBBA78-6C0E-4800-8BB0-C82583E3215C}.Release|Any CPU.ActiveCfg = Release|Any CPU
		{97FBBA78-6C0E-4800-8BB0-C82583E3215C}.Release|Any CPU.Build.0 = Release|Any CPU
	EndGlobalSection
	GlobalSection(SolutionProperties) = preSolution
		HideSolutionNode = FALSE
	EndGlobalSection
	GlobalSection(ExtensibilityGlobals) = postSolution
		SolutionGuid = {CFC0DECE-35F3-4743-97E7-FF546D3DD4F8}
	EndGlobalSection
EndGlobal
