
Microsoft Visual Studio Solution File, Format Version 12.00
# Visual Studio Version 16
VisualStudioVersion = 16.0.32228.343
MinimumVisualStudioVersion = 10.0.40219.1
Project("{9A19103F-16F7-4668-BE54-9A1E7A4F7556}") = "WebAppl-todo", "WebAppl-todo\WebAppl-todo.csproj", "{0F5A112D-0425-40D5-A982-A3D306D750F0}"
EndProject
Project("{FAE04EC0-301F-11D3-BF4B-00C04F79EFBC}") = "ToDo.Bussiness", "ToDo.Bussiness\ToDo.Bussiness.csproj", "{4B6CD0FA-A55F-464D-92F0-008F6CD8A2CA}"
EndProject
Global
	GlobalSection(SolutionConfigurationPlatforms) = preSolution
		Debug|Any CPU = Debug|Any CPU
		Release|Any CPU = Release|Any CPU
	EndGlobalSection
	GlobalSection(ProjectConfigurationPlatforms) = postSolution
		{0F5A112D-0425-40D5-A982-A3D306D750F0}.Debug|Any CPU.ActiveCfg = Debug|Any CPU
		{0F5A112D-0425-40D5-A982-A3D306D750F0}.Debug|Any CPU.Build.0 = Debug|Any CPU
		{0F5A112D-0425-40D5-A982-A3D306D750F0}.Release|Any CPU.ActiveCfg = Release|Any CPU
		{0F5A112D-0425-40D5-A982-A3D306D750F0}.Release|Any CPU.Build.0 = Release|Any CPU
		{4B6CD0FA-A55F-464D-92F0-008F6CD8A2CA}.Debug|Any CPU.ActiveCfg = Debug|Any CPU
		{4B6CD0FA-A55F-464D-92F0-008F6CD8A2CA}.Debug|Any CPU.Build.0 = Debug|Any CPU
		{4B6CD0FA-A55F-464D-92F0-008F6CD8A2CA}.Release|Any CPU.ActiveCfg = Release|Any CPU
		{4B6CD0FA-A55F-464D-92F0-008F6CD8A2CA}.Release|Any CPU.Build.0 = Release|Any CPU
	EndGlobalSection
	GlobalSection(SolutionProperties) = preSolution
		HideSolutionNode = FALSE
	EndGlobalSection
	GlobalSection(ExtensibilityGlobals) = postSolution
		SolutionGuid = {C0625657-D699-4F04-8AAB-D422D546CF79}
	EndGlobalSection
EndGlobal
